
Microsoft Visual Studio Solution File, Format Version 12.00
# Visual Studio Version 17
VisualStudioVersion = 17.7.34024.191
MinimumVisualStudioVersion = 10.0.40219.1
Project("{FAE04EC0-301F-11D3-BF4B-00C04F79EFBC}") = "WhileEj", "WhileEj\WhileEj.csproj", "{D6C39437-D249-43EB-BB5B-7274109AAF9B}"
EndProject
Global
	GlobalSection(SolutionConfigurationPlatforms) = preSolution
		Debug|Any CPU = Debug|Any CPU
		Release|Any CPU = Release|Any CPU
	EndGlobalSection
	GlobalSection(ProjectConfigurationPlatforms) = postSolution
		{D6C39437-D249-43EB-BB5B-7274109AAF9B}.Debug|Any CPU.ActiveCfg = Debug|Any CPU
		{D6C39437-D249-43EB-BB5B-7274109AAF9B}.Debug|Any CPU.Build.0 = Debug|Any CPU
		{D6C39437-D249-43EB-BB5B-7274109AAF9B}.Release|Any CPU.ActiveCfg = Release|Any CPU
		{D6C39437-D249-43EB-BB5B-7274109AAF9B}.Release|Any CPU.Build.0 = Release|Any CPU
	EndGlobalSection
	GlobalSection(SolutionProperties) = preSolution
		HideSolutionNode = FALSE
	EndGlobalSection
	GlobalSection(ExtensibilityGlobals) = postSolution
		SolutionGuid = {D2611F7B-5BE9-441B-8DCE-FAF820E3CDCB}
	EndGlobalSection
EndGlobal
